# This file is automatically @generated by Poetry 2.2.1 and should not be changed by hand.

[[package]]
name = "annotated-types"
version = "0.7.0"
description = "Reusable constraint types to use with typing.Annotated"
optional = false
python-versions = ">=3.8"
groups = ["main"]
files = [
    {file = "annotated_types-0.7.0-py3-none-any.whl", hash = "sha256:1f02e8b43a8fbbc3f3e0d4f0f4bfc8131bcb4eebe8849b8e5c773f3a1c582a53"},
    {file = "annotated_types-0.7.0.tar.gz", hash = "sha256:aff07c09a53a08bc8cfccb9c85b05f1aa9a2a6f23728d790723543408344ce89"},
]

[[package]]
name = "anyio"
version = "3.7.1"
description = "High level compatibility layer for multiple asynchronous event loop implementations"
optional = false
python-versions = ">=3.7"
groups = ["main", "dev"]
files = [
    {file = "anyio-3.7.1-py3-none-any.whl", hash = "sha256:91dee416e570e92c64041bd18b900d1d6fa78dff7048769ce5ac5ddad004fbb5"},
    {file = "anyio-3.7.1.tar.gz", hash = "sha256:44a3c9aba0f5defa43261a8b3efb97891f2bd7d804e0e1f56419befa1adfc780"},
]

[package.dependencies]
exceptiongroup = {version = "*", markers = "python_version < \"3.11\""}
idna = ">=2.8"
sniffio = ">=1.1"

[package.extras]
doc = ["Sphinx", "packaging", "sphinx-autodoc-typehints (>=1.2.0)", "sphinx-rtd-theme (>=1.2.2)", "sphinxcontrib-jquery"]
test = ["anyio[trio]", "coverage[toml] (>=4.5)", "hypothesis (>=4.0)", "mock (>=4) ; python_version < \"3.8\"", "psutil (>=5.9)", "pytest (>=7.0)", "pytest-mock (>=3.6.1)", "trustme", "uvloop (>=0.17) ; python_version < \"3.12\" and platform_python_implementation == \"CPython\" and platform_system != \"Windows\""]
trio = ["trio (<0.22)"]

[[package]]
name = "certifi"
version = "2025.10.5"
description = "Python package for providing Mozilla's CA Bundle."
optional = false
python-versions = ">=3.7"
groups = ["dev"]
files = [
    {file = "certifi-2025.10.5-py3-none-any.whl", hash = "sha256:0f212c2744a9bb6de0c56639a6f68afe01ecd92d91f14ae897c4fe7bbeeef0de"},
    {file = "certifi-2025.10.5.tar.gz", hash = "sha256:47c09d31ccf2acf0be3f701ea53595ee7e0b8fa08801c6624be771df09ae7b43"},
]

[[package]]
name = "click"
version = "8.1.8"
description = "Composable command line interface toolkit"
optional = false
python-versions = ">=3.7"
groups = ["main"]
files = [
    {file = "click-8.1.8-py3-none-any.whl", hash = "sha256:63c132bbbed01578a06712a2d1f497bb62d9c1c0d329b7903a866228027263b2"},
    {file = "click-8.1.8.tar.gz", hash = "sha256:ed53c9d8990d83c2a27deae68e4ee337473f6330c040a31d4225c9574d16096a"},
]

[package.dependencies]
colorama = {version = "*", markers = "platform_system == \"Windows\""}

[[package]]
name = "colorama"
version = "0.4.6"
description = "Cross-platform colored terminal text."
optional = false
python-versions = "!=3.0.*,!=3.1.*,!=3.2.*,!=3.3.*,!=3.4.*,!=3.5.*,!=3.6.*,>=2.7"
groups = ["main", "dev"]
files = [
    {file = "colorama-0.4.6-py2.py3-none-any.whl", hash = "sha256:4f1d9991f5acc0ca119f9d443620b77f9d6b33703e51011c16baf57afb285fc6"},
    {file = "colorama-0.4.6.tar.gz", hash = "sha256:08695f5cb7ed6e0531a20572697297273c47b8cae5a63ffc6d6ed5c201be6e44"},
]
markers = {main = "platform_system == \"Windows\"", dev = "sys_platform == \"win32\""}

[[package]]
name = "exceptiongroup"
version = "1.3.0"
description = "Backport of PEP 654 (exception groups)"
optional = false
python-versions = ">=3.7"
groups = ["main", "dev"]
markers = "python_version < \"3.11\""
files = [
    {file = "exceptiongroup-1.3.0-py3-none-any.whl", hash = "sha256:4d111e6e0c13d0644cad6ddaa7ed0261a0b36971f6d23e7ec9b4b9097da78a10"},
    {file = "exceptiongroup-1.3.0.tar.gz", hash = "sha256:b241f5885f560bc56a59ee63ca4c6a8bfa46ae4ad651af316d4e81817bb9fd88"},
]

[package.dependencies]
typing-extensions = {version = ">=4.6.0", markers = "python_version < \"3.13\""}

[package.extras]
test = ["pytest (>=6)"]

[[package]]
name = "fastapi"
version = "0.104.1"
description = "FastAPI framework, high performance, easy to learn, fast to code, ready for production"
optional = false
python-versions = ">=3.8"
groups = ["main"]
files = [
    {file = "fastapi-0.104.1-py3-none-any.whl", hash = "sha256:752dc31160cdbd0436bb93bad51560b57e525cbb1d4bbf6f4904ceee75548241"},
    {file = "fastapi-0.104.1.tar.gz", hash = "sha256:e5e4540a7c5e1dcfbbcf5b903c234feddcdcd881f191977a1c5dfd917487e7ae"},
]

[package.dependencies]
anyio = ">=3.7.1,<4.0.0"
pydantic = ">=1.7.4,<1.8 || >1.8,<1.8.1 || >1.8.1,<2.0.0 || >2.0.0,<2.0.1 || >2.0.1,<2.1.0 || >2.1.0,<3.0.0"
starlette = ">=0.27.0,<0.28.0"
typing-extensions = ">=4.8.0"

[package.extras]
all = ["email-validator (>=2.0.0)", "httpx (>=0.23.0)", "itsdangerous (>=1.1.0)", "jinja2 (>=2.11.2)", "orjson (>=3.2.1)", "pydantic-extra-types (>=2.0.0)", "pydantic-settings (>=2.0.0)", "python-multipart (>=0.0.5)", "pyyaml (>=5.3.1)", "ujson (>=4.0.1,!=4.0.2,!=4.1.0,!=4.2.0,!=4.3.0,!=5.0.0,!=5.1.0)", "uvicorn[standard] (>=0.12.0)"]

[[package]]
name = "h11"
version = "0.16.0"
description = "A pure-Python, bring-your-own-I/O implementation of HTTP/1.1"
optional = false
python-versions = ">=3.8"
groups = ["main", "dev"]
files = [
    {file = "h11-0.16.0-py3-none-any.whl", hash = "sha256:63cf8bbe7522de3bf65932fda1d9c2772064ffb3dae62d55932da54b31cb6c86"},
    {file = "h11-0.16.0.tar.gz", hash = "sha256:4e35b956cf45792e4caa5885e69fba00bdbc6ffafbfa020300e549b208ee5ff1"},
]

[[package]]
name = "httpcore"
version = "1.0.9"
description = "A minimal low-level HTTP client."
optional = false
python-versions = ">=3.8"
groups = ["dev"]
files = [
    {file = "httpcore-1.0.9-py3-none-any.whl", hash = "sha256:2d400746a40668fc9dec9810239072b40b4484b640a8c38fd654a024c7a1bf55"},
    {file = "httpcore-1.0.9.tar.gz", hash = "sha256:6e34463af53fd2ab5d807f399a9b45ea31c3dfa2276f15a2c3f00afff6e176e8"},
]

[package.dependencies]
certifi = "*"
h11 = ">=0.16"

[package.extras]
asyncio = ["anyio (>=4.0,<5.0)"]
http2 = ["h2 (>=3,<5)"]
socks = ["socksio (==1.*)"]
trio = ["trio (>=0.22.0,<1.0)"]

[[package]]
name = "httpx"
version = "0.25.2"
description = "The next generation HTTP client."
optional = false
python-versions = ">=3.8"
groups = ["dev"]
files = [
    {file = "httpx-0.25.2-py3-none-any.whl", hash = "sha256:a05d3d052d9b2dfce0e3896636467f8a5342fb2b902c819428e1ac65413ca118"},
    {file = "httpx-0.25.2.tar.gz", hash = "sha256:8b8fcaa0c8ea7b05edd69a094e63a2094c4efcb48129fb757361bc423c0ad9e8"},
]

[package.dependencies]
anyio = "*"
certifi = "*"
httpcore = "==1.*"
idna = "*"
sniffio = "*"

[package.extras]
brotli = ["brotli ; platform_python_implementation == \"CPython\"", "brotlicffi ; platform_python_implementation != \"CPython\""]
cli = ["click (==8.*)", "pygments (==2.*)", "rich (>=10,<14)"]
http2 = ["h2 (>=3,<5)"]
socks = ["socksio (==1.*)"]

[[package]]
name = "idna"
version = "3.11"
description = "Internationalized Domain Names in Applications (IDNA)"
optional = false
python-versions = ">=3.8"
groups = ["main", "dev"]
files = [
    {file = "idna-3.11-py3-none-any.whl", hash = "sha256:771a87f49d9defaf64091e6e6fe9c18d4833f140bd19464795bc32d966ca37ea"},
    {file = "idna-3.11.tar.gz", hash = "sha256:795dafcc9c04ed0c1fb032c2aa73654d8e8c5023a7df64a53f39190ada629902"},
]

[package.extras]
all = ["flake8 (>=7.1.1)", "mypy (>=1.11.2)", "pytest (>=8.3.2)", "ruff (>=0.6.2)"]

[[package]]
name = "iniconfig"
version = "2.1.0"
description = "brain-dead simple config-ini parsing"
optional = false
python-versions = ">=3.8"
groups = ["dev"]
files = [
    {file = "iniconfig-2.1.0-py3-none-any.whl", hash = "sha256:9deba5723312380e77435581c6bf4935c94cbfab9b1ed33ef8d238ea168eb760"},
    {file = "iniconfig-2.1.0.tar.gz", hash = "sha256:3abbd2e30b36733fee78f9c7f7308f2d0050e88f0087fd25c2645f63c773e1c7"},
]

[[package]]
name = "packaging"
version = "25.0"
description = "Core utilities for Python packages"
optional = false
python-versions = ">=3.8"
groups = ["dev"]
files = [
    {file = "packaging-25.0-py3-none-any.whl", hash = "sha256:29572ef2b1f17581046b3a2227d5c611fb25ec70ca1ba8554b24b0e69331a484"},
    {file = "packaging-25.0.tar.gz", hash = "sha256:d443872c98d677bf60f6a1f2f8c1cb748e8fe762d2bf9d3148b5599295b0fc4f"},
]

[[package]]
name = "pluggy"
version = "1.6.0"
description = "plugin and hook calling mechanisms for python"
optional = false
python-versions = ">=3.9"
groups = ["dev"]
files = [
    {file = "pluggy-1.6.0-py3-none-any.whl", hash = "sha256:e920276dd6813095e9377c0bc5566d94c932c33b27a3e3945d8389c374dd4746"},
    {file = "pluggy-1.6.0.tar.gz", hash = "sha256:7dcc130b76258d33b90f61b658791dede3486c3e6bfb003ee5c9bfb396dd22f3"},
]

[package.extras]
dev = ["pre-commit", "tox"]
testing = ["coverage", "pytest", "pytest-benchmark"]

[[package]]
name = "prometheus-client"
version = "0.19.0"
description = "Python client for the Prometheus monitoring system."
optional = false
python-versions = ">=3.8"
groups = ["main"]
files = [
    {file = "prometheus_client-0.19.0-py3-none-any.whl", hash = "sha256:c88b1e6ecf6b41cd8fb5731c7ae919bf66df6ec6fafa555cd6c0e16ca169ae92"},
    {file = "prometheus_client-0.19.0.tar.gz", hash = "sha256:4585b0d1223148c27a225b10dbec5ae9bc4c81a99a3fa80774fa6209935324e1"},
]

[package.extras]
twisted = ["twisted"]

[[package]]
name = "pydantic"
version = "2.12.1"
description = "Data validation using Python type hints"
optional = false
python-versions = ">=3.9"
groups = ["main"]
files = [
    {file = "pydantic-2.12.1-py3-none-any.whl", hash = "sha256:665931f5b4ab40c411439e66f99060d631d1acc58c3d481957b9123343d674d1"},
    {file = "pydantic-2.12.1.tar.gz", hash = "sha256:0af849d00e1879199babd468ec9db13b956f6608e9250500c1a9d69b6a62824e"},
]

[package.dependencies]
annotated-types = ">=0.6.0"
pydantic-core = "2.41.3"
typing-extensions = ">=4.14.1"
typing-inspection = ">=0.4.2"

[package.extras]
email = ["email-validator (>=2.0.0)"]
timezone = ["tzdata ; python_version >= \"3.9\" and platform_system == \"Windows\""]

[[package]]
name = "pydantic-core"
version = "2.41.3"
description = "Core functionality for Pydantic validation and serialization"
optional = false
python-versions = ">=3.9"
groups = ["main"]
files = [
    {file = "pydantic_core-2.41.3-cp310-cp310-macosx_10_12_x86_64.whl", hash = "sha256:1a572d7d06b9fa6efeec32fbcd18c73081af66942b345664669867cf8e69c7b0"},
    {file = "pydantic_core-2.41.3-cp310-cp310-macosx_11_0_arm64.whl", hash = "sha256:63d787ea760052585c6bfc34310aa379346f2cec363fe178659664f80421804b"},
    {file = "pydantic_core-2.41.3-cp310-cp310-manylinux_2_17_aarch64.manylinux2014_aarch64.whl", hash = "sha256:4aa5a2327538f6b3c040604618cd36a960224ad7c22be96717b444c269f1a8b2"},
    {file = "pydantic_core-2.41.3-cp310-cp310-manylinux_2_17_armv7l.manylinux2014_armv7l.whl", hash = "sha256:947e1c5e79c54e313742c9dc25a439d38c5dcfde14f6a9a9069b3295f190c444"},
    {file = "pydantic_core-2.41.3-cp310-cp310-manylinux_2_17_ppc64le.manylinux2014_ppc64le.whl", hash = "sha256:d0a1e90642dd6040cfcf509230fb1c3df257f7420d52b5401b3ce164acb0a342"},
    {file = "pydantic_core-2.41.3-cp310-cp310-manylinux_2_17_s390x.manylinux2014_s390x.whl", hash = "sha256:8f7d4504d7bdce582a2700615d52dbe5f9de4ffab4815431f6da7edf5acc1329"},
    {file = "pydantic_core-2.41.3-cp310-cp310-manylinux_2_17_x86_64.manylinux2014_x86_64.whl", hash = "sha256:7528ff51a26985072291c4170bd1f16f396a46ef845a428ae97bdb01ebaee7f4"},
    {file = "pydantic_core-2.41.3-cp310-cp310-manylinux_2_5_i686.manylinux1_i686.whl", hash = "sha256:21b3a07248e481c06c4f208c53402fc143e817ce652a114f0c5d2acfd97b8b91"},
    {file = "pydantic_core-2.41.3-cp310-cp310-musllinux_1_1_aarch64.whl", hash = "sha256:45b445c09095df0d422e8ef01065f1c0a7424a17b37646b71d857ead6428b084"},
    {file = "pydantic_core-2.41.3-cp310-cp310-musllinux_1_1_armv7l.whl", hash = "sha256:c32474bb2324b574dc57aea40cb415c8ca81b73bc103f5644a15095d5552df8f"},
    {file = "pydantic_core-2.41.3-cp310-cp310-musllinux_1_1_x86_64.whl", hash = "sha256:91a38e48cdcc17763ac0abcb27c2b5fca47c2bc79ca0821b5211b2adeb06c4d0"},
    {file = "pydantic_core-2.41.3-cp310-cp310-win32.whl", hash = "sha256:b0947cd92f782cfc7bb595fd046a5a5c83e9f9524822f071f6b602f08d14b653"},
    {file = "pydantic_core-2.41.3-cp310-cp310-win_amd64.whl", hash = "sha256:6d972c97e91e294f1ce4c74034211b5c16d91b925c08704f5786e5e3743d8a20"},
    {file = "pydantic_core-2.41.3-cp311-cp311-macosx_10_12_x86_64.whl", hash = "sha256:91dfe6a6e02916fd1fb630f1ebe0c18f9fd9d3cbfe84bb2599f195ebbb0edb9b"},
    {file = "pydantic_core-2.41.3-cp311-cp311-macosx_11_0_arm64.whl", hash = "sha256:e301551c63d46122972ab5523a1438772cdde5d62d34040dac6f11017f18cc5d"},
    {file = "pydantic_core-2.41.3-cp311-cp311-manylinux_2_17_aarch64.manylinux2014_aarch64.whl", hash = "sha256:0d986b1defbe27867812dc3d8b3401d72be14449b255081e505046c02687010a"},
    {file = "pydantic_core-2.41.3-cp311-cp311-manylinux_2_17_armv7l.manylinux2014_armv7l.whl", hash = "sha256:351b2c5c073ae8caaa11e4336f8419d844c9b936e123e72dbe2c43fa97e54781"},
    {file = "pydantic_core-2.41.3-cp311-cp311-manylinux_2_17_ppc64le.manylinux2014_ppc64le.whl", hash = "sha256:7be34f5217ffc28404fc0ca6f07491a2a6a770faecfcf306384c142bccd2fdb4"},
    {file = "pydantic_core-2.41.3-cp311-cp311-manylinux_2_17_s390x.manylinux2014_s390x.whl", hash = "sha256:3cbcad992c281b4960cb5550e218ff39a679c730a59859faa0bc9b8d87efbe6a"},
    {file = "pydantic_core-2.41.3-cp311-cp311-manylinux_2_17_x86_64.manylinux2014_x86_64.whl", hash = "sha256:8741b0ab2acdd20c804432e08052791e66cf797afa5451e7e435367f88474b0b"},
    {file = "pydantic_core-2.41.3-cp311-cp311-manylinux_2_5_i686.manylinux1_i686.whl", hash = "sha256:1ac3ba94f3be9437da4ad611dacd356f040120668c5b1733b8ae035a13663c48"},
    {file = "pydantic_core-2.41.3-cp311-cp311-musllinux_1_1_aarch64.whl", hash = "sha256:971efe83bac3d5db781ee1b4836ac2cdd53cf7f727edfd4bb0a18029f9409ef2"},
    {file = "pydantic_core-2.41.3-cp311-cp311-musllinux_1_1_armv7l.whl", hash = "sha256:98c54e5ad0399ac79c0b6b567693d0f8c44b5a0d67539826cc1dd495e47d1307"},
    {file = "pydantic_core-2.41.3-cp311-cp311-musllinux_1_1_x86_64.whl", hash = "sha256:60110fe616b599c6e057142f2d75873e213bc0cbdac88f58dda8afb27a82f978"},
    {file = "pydantic_core-2.41.3-cp311-cp311-win32.whl", hash = "sha256:75428ae73865ee366f159b68b9281c754df832494419b4eb46b7c3fbdb27756c"},
    {file = "pydantic_core-2.41.3-cp311-cp311-win_amd64.whl", hash = "sha256:c0178ad5e586d3e394f4b642f0bb7a434bcf34d1e9716cc4bd74e34e35283152"},
    {file = "pydantic_core-2.41.3-cp311-cp311-win_arm64.whl", hash = "sha256:5dd40bb57cdae2a35e20d06910b93b13e8f57ffff5a0b0a45927953bad563a03"},
    {file = "pydantic_core-2.41.3-cp312-cp312-macosx_10_12_x86_64.whl", hash = "sha256:7bdc8b70bc4b68e4d891b46d018012cac7bbfe3b981a7c874716dde09ff09fd5"},
    {file = "pydantic_core-2.41.3-cp312-cp312-macosx_11_0_arm64.whl", hash = "sha256:446361e93f4ffe509edae5862fb89a0d24cbc8f2935f05c6584c2f2ca6e7b6df"},
    {file = "pydantic_core-2.41.3-cp312-cp312-manylinux_2_17_aarch64.manylinux2014_aarch64.whl", hash = "sha256:9af9a9ae24b866ce58462a7de61c33ff035e052b7a9c05c29cf496bd6a16a63f"},
    {file = "pydantic_core-2.41.3-cp312-cp312-manylinux_2_17_armv7l.manylinux2014_armv7l.whl", hash = "sha256:fc836eb8561f04fede7b73747463bd08715be0f55c427e0f0198aa2f1d92f913"},
    {file = "pydantic_core-2.41.3-cp312-cp312-manylinux_2_17_ppc64le.manylinux2014_ppc64le.whl", hash = "sha256:16f80f366472eb6a3744149289c263e5ef182c8b18422192166b67625fef3c50"},
    {file = "pydantic_core-2.41.3-cp312-cp312-manylinux_2_17_s390x.manylinux2014_s390x.whl", hash = "sha256:8d699904cd13d0f509bdbb17f0784abb332d4aa42df4b0a8b65932096fcd4b21"},
    {file = "pydantic_core-2.41.3-cp312-cp312-manylinux_2_17_x86_64.manylinux2014_x86_64.whl", hash = "sha256:485398dacc5dddb2be280fd3998367531eccae8631f4985d048c2406a5ee5ecc"},
    {file = "pydantic_core-2.41.3-cp312-cp312-manylinux_2_5_i686.manylinux1_i686.whl", hash = "sha256:6dfe0898272bf675941cd1ea701677341357b77acadacabbd43d71e09763dceb"},
    {file = "pydantic_core-2.41.3-cp312-cp312-musllinux_1_1_aarch64.whl", hash = "sha256:86ffbf5291c367a56b5718590dc3452890f2c1ac7b76d8f4a1e66df90bd717f6"},
    {file = "pydantic_core-2.41.3-cp312-cp312-musllinux_1_1_armv7l.whl", hash = "sha256:c58c5acda77802eedde3aaf22be09e37cfec060696da64bf6e6ffb2480fdabd0"},
    {file = "pydantic_core-2.41.3-cp312-cp312-musllinux_1_1_x86_64.whl", hash = "sha256:40db5705aec66371ca5792415c3e869137ae2bab48c48608db3f84986ccaf016"},
    {file = "pydantic_core-2.41.3-cp312-cp312-win32.whl", hash = "sha256:668fcb317a0b3c84781796891128111c32f83458d436b022014ed0ea07f66e1b"},
    {file = "pydantic_core-2.41.3-cp312-cp312-win_amd64.whl", hash = "sha256:248a5d1dac5382454927edf32660d0791d2df997b23b06a8cac6e3375bc79cee"},
    {file = "pydantic_core-2.41.3-cp312-cp312-win_arm64.whl", hash = "sha256:347a23094c98b7ea2ba6fff93b52bd2931a48c9c1790722d9e841f30e4b7afcd"},
    {file = "pydantic_core-2.41.3-cp313-cp313-macosx_10_12_x86_64.whl", hash = "sha256:a8596700fdd3ee12b0d9c1f2395f4c32557e7ebfbfacdc08055b0bcbe7d2827e"},
    {file = "pydantic_core-2.41.3-cp313-cp313-macosx_11_0_arm64.whl", hash = "sha256:624503f918e472c0eed6935020c01b6a6b4bcdb7955a848da5c8805d40f15c0f"},
    {file = "pydantic_core-2.41.3-cp313-cp313-manylinux_2_17_aarch64.manylinux2014_aarch64.whl", hash = "sha256:36388958d0c614df9f5de1a5f88f4b79359016b9ecdfc352037788a628616aa2"},
    {file = "pydantic_core-2.41.3-cp313-cp313-manylinux_2_17_armv7l.manylinux2014_armv7l.whl", hash = "sha256:3c50eba144add9104cf43ef9a3d81c37ebf48bfd0924b584b78ec2e03ec91daf"},
    {file = "pydantic_core-2.41.3-cp313-cp313-manylinux_2_17_ppc64le.manylinux2014_ppc64le.whl", hash = "sha256:c6ea2102958eb5ad560d570c49996e215a6939d9bffd0e9fd3b9e808a55008cc"},
    {file = "pydantic_core-2.41.3-cp313-cp313-manylinux_2_17_s390x.manylinux2014_s390x.whl", hash = "sha256:cd0d26f1e4335d5f84abfc880da0afa080c8222410482f9ee12043bb05f55ec8"},
    {file = "pydantic_core-2.41.3-cp313-cp313-manylinux_2_17_x86_64.manylinux2014_x86_64.whl", hash = "sha256:41c38700094045b12c0cff35c8585954de66cf6dd63909fed1c2e6b8f38e1e1e"},
    {file = "pydantic_core-2.41.3-cp313-cp313-manylinux_2_5_i686.manylinux1_i686.whl", hash = "sha256:4061cc82d7177417fdb90e23e67b27425ecde2652cfd2053b5b4661a489ddc19"},
    {file = "pydantic_core-2.41.3-cp313-cp313-musllinux_1_1_aarch64.whl", hash = "sha256:b1d9699a4dae10a7719951cca1e30b591ef1dd9cdda9fec39282a283576c0241"},
    {file = "pydantic_core-2.41.3-cp313-cp313-musllinux_1_1_armv7l.whl", hash = "sha256:d5099f1b97e79f0e45cb6a236a5bd1a20078ed50b1b28f3d17f6c83ff3585baa"},
    {file = "pydantic_core-2.41.3-cp313-cp313-musllinux_1_1_x86_64.whl", hash = "sha256:b5ff0467a8c1b6abb0ab9c9ea80e2e3a9788592e44c726c2db33fdaf1b5e7d0b"},
    {file = "pydantic_core-2.41.3-cp313-cp313-win32.whl", hash = "sha256:edfe9b4cee4a91da7247c25732f24504071f3e101c050694d18194b7d2d320bf"},
    {file = "pydantic_core-2.41.3-cp313-cp313-win_amd64.whl", hash = "sha256:44af3276c0c2c14efde6590523e4d7e04bcd0e46e0134f0dbef1be0b64b2d3e3"},
    {file = "pydantic_core-2.41.3-cp313-cp313-win_arm64.whl", hash = "sha256:59aeed341f92440d51fdcc82c8e930cfb234f1843ed1d4ae1074f5fb9789a64b"},
    {file = "pydantic_core-2.41.3-cp313-cp313t-macosx_11_0_arm64.whl", hash = "sha256:ef37228238b3a280170ac43a010835c4a7005742bc8831c2c1a9560de4595dbe"},
    {file = "pydantic_core-2.41.3-cp313-cp313t-manylinux_2_17_aarch64.manylinux2014_aarch64.whl", hash = "sha256:c5cb19f36253152c509abe76c1d1b185436e0c75f392a82934fe37f4a1264449"},
    {file = "pydantic_core-2.41.3-cp313-cp313t-manylinux_2_17_x86_64.manylinux2014_x86_64.whl", hash = "sha256:91be4756e05367ce19a70e1db3b77f01f9e40ca70d26fb4cdfa993e53a08964a"},
    {file = "pydantic_core-2.41.3-cp313-cp313t-win_amd64.whl", hash = "sha256:ce7d8f4353f82259b55055bd162bbaf599f6c40cd0c098e989eeb95f9fdc022f"},
    {file = "pydantic_core-2.41.3-cp313-cp313t-win_arm64.whl", hash = "sha256:f06a9e81da60e5a0ef584f6f4790f925c203880ae391bf363d97126fd1790b21"},
    {file = "pydantic_core-2.41.3-cp314-cp314-macosx_10_12_x86_64.whl", hash = "sha256:0c77e8e72344e34052ea26905fa7551ecb75fc12795ca1a8e44f816918f4c718"},
    {file = "pydantic_core-2.41.3-cp314-cp314-macosx_11_0_arm64.whl", hash = "sha256:32be442a017e82a6c496a52ef5db5f5ac9abf31c3064f5240ee15a1d27cc599e"},
    {file = "pydantic_core-2.41.3-cp314-cp314-manylinux_2_17_aarch64.manylinux2014_aarch64.whl", hash = "sha256:af10c78f0e9086d2d883ddd5a6482a613ad435eb5739cf1467b1f86169e63d91"},
    {file = "pydantic_core-2.41.3-cp314-cp314-manylinux_2_17_armv7l.manylinux2014_armv7l.whl", hash = "sha256:6212874118704e27d177acee5b90b83556b14b2eb88aae01bae51cd9efe27019"},
    {file = "pydantic_core-2.41.3-cp314-cp314-manylinux_2_17_ppc64le.manylinux2014_ppc64le.whl", hash = "sha256:c6a24c82674a3a8e7f7306e57e98219e5c1cdfc0f57bc70986930dda136230b2"},
    {file = "pydantic_core-2.41.3-cp314-cp314-manylinux_2_17_s390x.manylinux2014_s390x.whl", hash = "sha256:8e0c81dc047c18059410c959a437540abcefea6a882d6e43b9bf45c291eaacd9"},
    {file = "pydantic_core-2.41.3-cp314-cp314-manylinux_2_17_x86_64.manylinux2014_x86_64.whl", hash = "sha256:0c0d7e1a9f80f00a8180b9194ecef66958eb03f3c3ae2d77195c9d665ac0a61e"},
    {file = "pydantic_core-2.41.3-cp314-cp314-manylinux_2_5_i686.manylinux1_i686.whl", hash = "sha256:2868fabfc35ec0738539ce0d79aab37aeffdcb9682b9b91f0ac4b0ba31abb1eb"},
    {file = "pydantic_core-2.41.3-cp314-cp314-musllinux_1_1_aarch64.whl", hash = "sha256:cb4f40c93307e1c50996e4edcddf338e1f3f1fb86fb69b654111c6050ae3b081"},
    {file = "pydantic_core-2.41.3-cp314-cp314-musllinux_1_1_armv7l.whl", hash = "sha256:287cbcd3407a875eaf0b1efa2e5288493d5b79bfd3629459cf0b329ad8a9071a"},
    {file = "pydantic_core-2.41.3-cp314-cp314-musllinux_1_1_x86_64.whl", hash = "sha256:5253835aa145049205a67056884555a936f9b3fea7c3ce860bff62be6a1ae4d1"},
    {file = "pydantic_core-2.41.3-cp314-cp314-win32.whl", hash = "sha256:69297795efe5349156d18eebea818b75d29a1d3d1d5f26a250f22ab4220aacd6"},
    {file = "pydantic_core-2.41.3-cp314-cp314-win_amd64.whl", hash = "sha256:e1c133e3447c2f6d95e47ede58fff0053370758112a1d39117d0af8c93584049"},
    {file = "pydantic_core-2.41.3-cp314-cp314-win_arm64.whl", hash = "sha256:54534eecbb7a331521f832e15fc307296f491ee1918dacfd4d5b900da6ee3332"},
    {file = "pydantic_core-2.41.3-cp314-cp314t-macosx_11_0_arm64.whl", hash = "sha256:6b4be10152098b43c093a4b5e9e9da1ac7a1c954c1934d4438d07ba7b7bcf293"},
    {file = "pydantic_core-2.41.3-cp314-cp314t-manylinux_2_17_aarch64.manylinux2014_aarch64.whl", hash = "sha256:1fe4ebd676c158a7994253161151b476dbbef2acbd2f547cfcfdf332cf67cc29"},
    {file = "pydantic_core-2.41.3-cp314-cp314t-manylinux_2_17_x86_64.manylinux2014_x86_64.whl", hash = "sha256:984ca0113b39dda1d7c358d6db03dd6539ef244d0558351806c1327239e035bf"},
    {file = "pydantic_core-2.41.3-cp314-cp314t-win_amd64.whl", hash = "sha256:2a7dd8a6f5a9a2f8c7f36e4fc0982a985dbc4ac7176ee3df9f63179b7295b626"},
    {file = "pydantic_core-2.41.3-cp314-cp314t-win_arm64.whl", hash = "sha256:b387f08b378924fa82bd86e03c9d61d6daca1a73ffb3947bdcfe12ea14c41f68"},
    {file = "pydantic_core-2.41.3-cp39-cp39-macosx_10_12_x86_64.whl", hash = "sha256:267b64a4845471c33f12155140d7449643c0c190b5ae3be6a7a3c04461ac494b"},
    {file = "pydantic_core-2.41.3-cp39-cp39-macosx_11_0_arm64.whl", hash = "sha256:99b17a3ed3b8bf769815c782710e520b9b4efcede14eeea71ef57a2a16870ec9"},
    {file = "pydantic_core-2.41.3-cp39-cp39-manylinux_2_17_aarch64.manylinux2014_aarch64.whl", hash = "sha256:c7f96e6fc3ab59e1ba1132f3105be9b8b7f80d071c73f7e8d2e1f594cbb64907"},
    {file = "pydantic_core-2.41.3-cp39-cp39-manylinux_2_17_armv7l.manylinux2014_armv7l.whl", hash = "sha256:503923874b5496b0a7d6479f481e02342771c1561e96c1e28b97a5ad056e55e9"},
    {file = "pydantic_core-2.41.3-cp39-cp39-manylinux_2_17_ppc64le.manylinux2014_ppc64le.whl", hash = "sha256:18dd9a88bc1017bea142a4936de1a32aec9723f13d6cb434bd2aeec23208143a"},
    {file = "pydantic_core-2.41.3-cp39-cp39-manylinux_2_17_s390x.manylinux2014_s390x.whl", hash = "sha256:95da6803d101b5c35e4ea80f44da5ba5422f6695690570d7cc15f04a12ca4e33"},
    {file = "pydantic_core-2.41.3-cp39-cp39-manylinux_2_17_x86_64.manylinux2014_x86_64.whl", hash = "sha256:bbcc6bbcc83979b82fc1642dafd94b07c49f9b8e3b1df625f1c1aa676f952e48"},
    {file = "pydantic_core-2.41.3-cp39-cp39-manylinux_2_5_i686.manylinux1_i686.whl", hash = "sha256:70c01c179e1a786af804b93e3eb7506cd818744bff8cf9e3cda0d8bbb2d12204"},
    {file = "pydantic_core-2.41.3-cp39-cp39-musllinux_1_1_aarch64.whl", hash = "sha256:7c1010c4d2cc10703da089543c38909aa832656ffb85cd31dc3e3d73362e0249"},
    {file = "pydantic_core-2.41.3-cp39-cp39-musllinux_1_1_armv7l.whl", hash = "sha256:cb13d215db8cb0f601227785f6d32c577387253ba3a47cbef72e7c6c93c13023"},
    {file = "pydantic_core-2.41.3-cp39-cp39-musllinux_1_1_x86_64.whl", hash = "sha256:92d96bb0abce0ce71f90845ad25b5521fbf8ce6e5589f4937cb047e4f5a36c76"},
    {file = "pydantic_core-2.41.3-cp39-cp39-win32.whl", hash = "sha256:8c8f7cae4451a7e83d781bd862c43b3591ede41b6d6adc5dead81300c3e0fbae"},
    {file = "pydantic_core-2.41.3-cp39-cp39-win_amd64.whl", hash = "sha256:2de13998e396d556c17065d7847e03f6c1ce6210eb1719a778a25425284f1a17"},
    {file = "pydantic_core-2.41.3-graalpy311-graalpy242_311_native-macosx_10_12_x86_64.whl", hash = "sha256:98ad9402d6cc194b21adb4626ead88fcce8bc287ef434502dbb4d5b71bdb9a47"},
    {file = "pydantic_core-2.41.3-graalpy311-graalpy242_311_native-macosx_11_0_arm64.whl", hash = "sha256:539b1c01251fbc0789ad4e1dccf3e888062dd342b2796f403406855498afbc36"},
    {file = "pydantic_core-2.41.3-graalpy311-graalpy242_311_native-manylinux_2_17_aarch64.manylinux2014_aarch64.whl", hash = "sha256:12019e3a4ded7c4e84b11a761be843dfa9837444a1d7f621888ad499f0f72643"},
    {file = "pydantic_core-2.41.3-graalpy311-graalpy242_311_native-manylinux_2_17_x86_64.manylinux2014_x86_64.whl", hash = "sha256:d5e01519c8322a489167abb1aceaab1a9e4c7d3e665dc3f7b0b1355910fcb698"},
    {file = "pydantic_core-2.41.3-graalpy312-graalpy250_312_native-macosx_10_12_x86_64.whl", hash = "sha256:a6ded5abbb7391c0db9e002aaa5f0e3a49a024b0a22e2ed09ab69087fd5ab8a8"},
    {file = "pydantic_core-2.41.3-graalpy312-graalpy250_312_native-macosx_11_0_arm64.whl", hash = "sha256:43abc869cce9104ff35cb4eff3028e9a87346c95fe44e0173036bf4d782bdc3d"},
    {file = "pydantic_core-2.41.3-graalpy312-graalpy250_312_native-manylinux_2_17_aarch64.manylinux2014_aarch64.whl", hash = "sha256:cb3c63f4014a603caee687cd5c3c63298d2c8951b7acb2ccd0befbf2e1c0b8ad"},
    {file = "pydantic_core-2.41.3-graalpy312-graalpy250_312_native-manylinux_2_17_x86_64.manylinux2014_x86_64.whl", hash = "sha256:88461e25f62e58db4d8b180e2612684f31b5844db0a8f8c1c421498c97bc197b"},
    {file = "pydantic_core-2.41.3-pp310-pypy310_pp73-macosx_10_12_x86_64.whl", hash = "sha256:219a95d7638c6b3a50de749747afdf1c2bdf027653e4a3e1df2fefa1e238d8eb"},
    {file = "pydantic_core-2.41.3-pp310-pypy310_pp73-macosx_11_0_arm64.whl", hash = "sha256:21d4e730b75cfc62b3e24261030bd223ed5f867039f971027c551a7ab911f460"},
    {file = "pydantic_core-2.41.3-pp310-pypy310_pp73-manylinux_2_17_x86_64.manylinux2014_x86_64.whl", hash = "sha256:79d9a98a80309189a49cffcd507c85032a2df35d005bd12d655f425ca80eec3d"},
    {file = "pydantic_core-2.41.3-pp310-pypy310_pp73-manylinux_2_5_i686.manylinux1_i686.whl", hash = "sha256:20f7d53153eb2a5c2f7a8cccf1a45022e2b75668cad274f998b43313da03053d"},
    {file = "pydantic_core-2.41.3-pp310-pypy310_pp73-musllinux_1_1_aarch64.whl", hash = "sha256:e2135eff48d3b6a2abfe7b26395d350ea76a460d3de3cf2521fe2f15f222fa29"},
    {file = "pydantic_core-2.41.3-pp310-pypy310_pp73-musllinux_1_1_armv7l.whl", hash = "sha256:005bf20e48f6272803de8ba0be076e5bd7d015b7f02ebcc989bc24f85636d1d8"},
    {file = "pydantic_core-2.41.3-pp310-pypy310_pp73-musllinux_1_1_x86_64.whl", hash = "sha256:d4ebfa1864046c44669cd789a613ec39ee194fe73842e369d129d716730216d9"},
    {file = "pydantic_core-2.41.3-pp310-pypy310_pp73-win_amd64.whl", hash = "sha256:cb82cd643a2ad7ebf94bdb7fa6c339801b0fe8c7920610d6da7b691647ef5842"},
    {file = "pydantic_core-2.41.3-pp311-pypy311_pp73-macosx_10_12_x86_64.whl", hash = "sha256:5e67f86ffb40127851dba662b2d0ab400264ed37cfedeab6100515df41ccb325"},
    {file = "pydantic_core-2.41.3-pp311-pypy311_pp73-macosx_11_0_arm64.whl", hash = "sha256:ecad4d7d264f6df23db68ca3024919a7aab34b4c44d9a9280952863a7a0c5e81"},
    {file = "pydantic_core-2.41.3-pp311-pypy311_pp73-manylinux_2_17_x86_64.manylinux2014_x86_64.whl", hash = "sha256:fce6e6505b9807d3c20476fa016d0bd4d54a858fe648d6f5ef065286410c3da7"},
    {file = "pydantic_core-2.41.3-pp311-pypy311_pp73-manylinux_2_5_i686.manylinux1_i686.whl", hash = "sha256:05974468cff84ea112ad4992823f1300d822ad51df0eba4c3af3c4a4cbe5eca0"},
    {file = "pydantic_core-2.41.3-pp311-pypy311_pp73-musllinux_1_1_aarch64.whl", hash = "sha256:091d3966dc2379e07b45b4fd9651fbab5b24ea3c62cc40637beaf691695e5f5a"},
    {file = "pydantic_core-2.41.3-pp311-pypy311_pp73-musllinux_1_1_armv7l.whl", hash = "sha256:16f216e4371a05ad3baa5aed152eae056c7e724663c2bcbb38edd607c17baa89"},
    {file = "pydantic_core-2.41.3-pp311-pypy311_pp73-musllinux_1_1_x86_64.whl", hash = "sha256:2e169371f88113c8e642f7ac42c798109f1270832b577b5144962a7a028bfb0c"},
    {file = "pydantic_core-2.41.3-pp311-pypy311_pp73-win_amd64.whl", hash = "sha256:83847aa6026fb7149b9ef06e10c73ff83ac1d2aa478b28caa4f050670c1c9a37"},
    {file = "pydantic_core-2.41.3.tar.gz", hash = "sha256:cdebb34b36ad05e8d77b4e797ad38a2a775c2a07a8fa386d4f6943b7778dcd39"},
]

[package.dependencies]
typing-extensions = ">=4.14.1"

[[package]]
name = "pytest"
version = "7.4.4"
description = "pytest: simple powerful testing with Python"
optional = false
python-versions = ">=3.7"
groups = ["dev"]
files = [
    {file = "pytest-7.4.4-py3-none-any.whl", hash = "sha256:b090cdf5ed60bf4c45261be03239c2c1c22df034fbffe691abe93cd80cea01d8"},
    {file = "pytest-7.4.4.tar.gz", hash = "sha256:2cf0005922c6ace4a3e2ec8b4080eb0d9753fdc93107415332f50ce9e7994280"},
]

[package.dependencies]
colorama = {version = "*", markers = "sys_platform == \"win32\""}
exceptiongroup = {version = ">=1.0.0rc8", markers = "python_version < \"3.11\""}
iniconfig = "*"
packaging = "*"
pluggy = ">=0.12,<2.0"
tomli = {version = ">=1.0.0", markers = "python_version < \"3.11\""}

[package.extras]
testing = ["argcomplete", "attrs (>=19.2.0)", "hypothesis (>=3.56)", "mock", "nose", "pygments (>=2.7.2)", "requests", "setuptools", "xmlschema"]

[[package]]
name = "sniffio"
version = "1.3.1"
description = "Sniff out which async library your code is running under"
optional = false
python-versions = ">=3.7"
groups = ["main", "dev"]
files = [
    {file = "sniffio-1.3.1-py3-none-any.whl", hash = "sha256:2f6da418d1f1e0fddd844478f41680e794e6051915791a034ff65e5f100525a2"},
    {file = "sniffio-1.3.1.tar.gz", hash = "sha256:f4324edc670a0f49750a81b895f35c3adb843cca46f0530f79fc1babb23789dc"},
]

[[package]]
name = "starlette"
version = "0.27.0"
description = "The little ASGI library that shines."
optional = false
python-versions = ">=3.7"
groups = ["main"]
files = [
    {file = "starlette-0.27.0-py3-none-any.whl", hash = "sha256:918416370e846586541235ccd38a474c08b80443ed31c578a418e2209b3eef91"},
    {file = "starlette-0.27.0.tar.gz", hash = "sha256:6a6b0d042acb8d469a01eba54e9cda6cbd24ac602c4cd016723117d6a7e73b75"},
]

[package.dependencies]
anyio = ">=3.4.0,<5"
typing-extensions = {version = ">=3.10.0", markers = "python_version < \"3.10\""}

[package.extras]
full = ["httpx (>=0.22.0)", "itsdangerous", "jinja2", "python-multipart", "pyyaml"]

[[package]]
name = "structlog"
version = "23.3.0"
description = "Structured Logging for Python"
optional = false
python-versions = ">=3.8"
groups = ["main"]
files = [
    {file = "structlog-23.3.0-py3-none-any.whl", hash = "sha256:d6922a88ceabef5b13b9eda9c4043624924f60edbb00397f4d193bd754cde60a"},
    {file = "structlog-23.3.0.tar.gz", hash = "sha256:24b42b914ac6bc4a4e6f716e82ac70d7fb1e8c3b1035a765591953bfc37101a5"},
]

[package.extras]
dev = ["structlog[tests,typing]"]
docs = ["furo", "myst-parser", "sphinx", "sphinx-notfound-page", "sphinxcontrib-mermaid", "sphinxext-opengraph", "twisted"]
tests = ["freezegun (>=0.2.8)", "pretend", "pytest (>=6.0)", "pytest-asyncio (>=0.17)", "simplejson"]
typing = ["mypy (>=1.4)", "rich", "twisted"]

[[package]]
name = "tomli"
version = "2.3.0"
description = "A lil' TOML parser"
optional = false
python-versions = ">=3.8"
groups = ["dev"]
markers = "python_version < \"3.11\""
files = [
    {file = "tomli-2.3.0-cp311-cp311-macosx_10_9_x86_64.whl", hash = "sha256:88bd15eb972f3664f5ed4b57c1634a97153b4bac4479dcb6a495f41921eb7f45"},
    {file = "tomli-2.3.0-cp311-cp311-macosx_11_0_arm64.whl", hash = "sha256:883b1c0d6398a6a9d29b508c331fa56adbcdff647f6ace4dfca0f50e90dfd0ba"},
    {file = "tomli-2.3.0-cp311-cp311-manylinux2014_aarch64.manylinux_2_17_aarch64.manylinux_2_28_aarch64.whl", hash = "sha256:d1381caf13ab9f300e30dd8feadb3de072aeb86f1d34a8569453ff32a7dea4bf"},
    {file = "tomli-2.3.0-cp311-cp311-manylinux2014_x86_64.manylinux_2_17_x86_64.manylinux_2_28_x86_64.whl", hash = "sha256:a0e285d2649b78c0d9027570d4da3425bdb49830a6156121360b3f8511ea3441"},
    {file = "tomli-2.3.0-cp311-cp311-musllinux_1_2_aarch64.whl", hash = "sha256:0a154a9ae14bfcf5d8917a59b51ffd5a3ac1fd149b71b47a3a104ca4edcfa845"},
    {file = "tomli-2.3.0-cp311-cp311-musllinux_1_2_x86_64.whl", hash = "sha256:74bf8464ff93e413514fefd2be591c3b0b23231a77f901db1eb30d6f712fc42c"},
    {file = "tomli-2.3.0-cp311-cp311-win32.whl", hash = "sha256:00b5f5d95bbfc7d12f91ad8c593a1659b6387b43f054104cda404be6bda62456"},
    {file = "tomli-2.3.0-cp311-cp311-win_amd64.whl", hash = "sha256:4dc4ce8483a5d429ab602f111a93a6ab1ed425eae3122032db7e9acf449451be"},
    {file = "tomli-2.3.0-cp312-cp312-macosx_10_13_x86_64.whl", hash = "sha256:d7d86942e56ded512a594786a5ba0a5e521d02529b3826e7761a05138341a2ac"},
    {file = "tomli-2.3.0-cp312-cp312-macosx_11_0_arm64.whl", hash = "sha256:73ee0b47d4dad1c5e996e3cd33b8a76a50167ae5f96a2607cbe8cc773506ab22"},
    {file = "tomli-2.3.0-cp312-cp312-manylinux2014_aarch64.manylinux_2_17_aarch64.manylinux_2_28_aarch64.whl", hash = "sha256:792262b94d5d0a466afb5bc63c7daa9d75520110971ee269152083270998316f"},
    {file = "tomli-2.3.0-cp312-cp312-manylinux2014_x86_64.manylinux_2_17_x86_64.manylinux_2_28_x86_64.whl", hash = "sha256:4f195fe57ecceac95a66a75ac24d9d5fbc98ef0962e09b2eddec5d39375aae52"},
    {file = "tomli-2.3.0-cp312-cp312-musllinux_1_2_aarch64.whl", hash = "sha256:e31d432427dcbf4d86958c184b9bfd1e96b5b71f8eb17e6d02531f434fd335b8"},
    {file = "tomli-2.3.0-cp312-cp312-musllinux_1_2_x86_64.whl", hash = "sha256:7b0882799624980785240ab732537fcfc372601015c00f7fc367c55308c186f6"},
    {file = "tomli-2.3.0-cp312-cp312-win32.whl", hash = "sha256:ff72b71b5d10d22ecb084d345fc26f42b5143c5533db5e2eaba7d2d335358876"},
    {file = "tomli-2.3.0-cp312-cp312-win_amd64.whl", hash = "sha256:1cb4ed918939151a03f33d4242ccd0aa5f11b3547d0cf30f7c74a408a5b99878"},
    {file = "tomli-2.3.0-cp313-cp313-macosx_10_13_x86_64.whl", hash = "sha256:5192f562738228945d7b13d4930baffda67b69425a7f0da96d360b0a3888136b"},
    {file = "tomli-2.3.0-cp313-cp313-macosx_11_0_arm64.whl", hash = "sha256:be71c93a63d738597996be9528f4abe628d1adf5e6eb11607bc8fe1a510b5dae"},
    {file = "tomli-2.3.0-cp313-cp313-manylinux2014_aarch64.manylinux_2_17_aarch64.manylinux_2_28_aarch64.whl", hash = "sha256:c4665508bcbac83a31ff8ab08f424b665200c0e1e645d2bd9ab3d3e557b6185b"},
    {file = "tomli-2.3.0-cp313-cp313-manylinux2014_x86_64.manylinux_2_17_x86_64.manylinux_2_28_x86_64.whl", hash = "sha256:4021923f97266babc6ccab9f5068642a0095faa0a51a246a6a02fccbb3514eaf"},
    {file = "tomli-2.3.0-cp313-cp313-musllinux_1_2_aarch64.whl", hash = "sha256:a4ea38c40145a357d513bffad0ed869f13c1773716cf71ccaa83b0fa0cc4e42f"},
    {file = "tomli-2.3.0-cp313-cp313-musllinux_1_2_x86_64.whl", hash = "sha256:ad805ea85eda330dbad64c7ea7a4556259665bdf9d2672f5dccc740eb9d3ca05"},
    {file = "tomli-2.3.0-cp313-cp313-win32.whl", hash = "sha256:97d5eec30149fd3294270e889b4234023f2c69747e555a27bd708828353ab606"},
    {file = "tomli-2.3.0-cp313-cp313-win_amd64.whl", hash = "sha256:0c95ca56fbe89e065c6ead5b593ee64b84a26fca063b5d71a1122bf26e533999"},
    {file = "tomli-2.3.0-cp314-cp314-macosx_10_13_x86_64.whl", hash = "sha256:cebc6fe843e0733ee827a282aca4999b596241195f43b4cc371d64fc6639da9e"},
    {file = "tomli-2.3.0-cp314-cp314-macosx_11_0_arm64.whl", hash = "sha256:4c2ef0244c75aba9355561272009d934953817c49f47d768070c3c94355c2aa3"},
    {file = "tomli-2.3.0-cp314-cp314-manylinux2014_aarch64.manylinux_2_17_aarch64.manylinux_2_28_aarch64.whl", hash = "sha256:c22a8bf253bacc0cf11f35ad9808b6cb75ada2631c2d97c971122583b129afbc"},
    {file = "tomli-2.3.0-cp314-cp314-manylinux2014_x86_64.manylinux_2_17_x86_64.manylinux_2_28_x86_64.whl", hash = "sha256:0eea8cc5c5e9f89c9b90c4896a8deefc74f518db5927d0e0e8d4a80953d774d0"},
    {file = "tomli-2.3.0-cp314-cp314-musllinux_1_2_aarch64.whl", hash = "sha256:b74a0e59ec5d15127acdabd75ea17726ac4c5178ae51b85bfe39c4f8a278e879"},
    {file = "tomli-2.3.0-cp314-cp314-musllinux_1_2_x86_64.whl", hash = "sha256:b5870b50c9db823c595983571d1296a6ff3e1b88f734a4c8f6fc6188397de005"},
    {file = "tomli-2.3.0-cp314-cp314-win32.whl", hash = "sha256:feb0dacc61170ed7ab602d3d972a58f14ee3ee60494292d384649a3dc38ef463"},
    {file = "tomli-2.3.0-cp314-cp314-win_amd64.whl", hash = "sha256:b273fcbd7fc64dc3600c098e39136522650c49bca95df2d11cf3b626422392c8"},
    {file = "tomli-2.3.0-cp314-cp314t-macosx_10_13_x86_64.whl", hash = "sha256:940d56ee0410fa17ee1f12b817b37a4d4e4dc4d27340863cc67236c74f582e77"},
    {file = "tomli-2.3.0-cp314-cp314t-macosx_11_0_arm64.whl", hash = "sha256:f85209946d1fe94416debbb88d00eb92ce9cd5266775424ff81bc959e001acaf"},
    {file = "tomli-2.3.0-cp314-cp314t-manylinux2014_aarch64.manylinux_2_17_aarch64.manylinux_2_28_aarch64.whl", hash = "sha256:a56212bdcce682e56b0aaf79e869ba5d15a6163f88d5451cbde388d48b13f530"},
    {file = "tomli-2.3.0-cp314-cp314t-manylinux2014_x86_64.manylinux_2_17_x86_64.manylinux_2_28_x86_64.whl", hash = "sha256:c5f3ffd1e098dfc032d4d3af5c0ac64f6d286d98bc148698356847b80fa4de1b"},
    {file = "tomli-2.3.0-cp314-cp314t-musllinux_1_2_aarch64.whl", hash = "sha256:5e01decd096b1530d97d5d85cb4dff4af2d8347bd35686654a004f8dea20fc67"},
    {file = "tomli-2.3.0-cp314-cp314t-musllinux_1_2_x86_64.whl", hash = "sha256:8a35dd0e643bb2610f156cca8db95d213a90015c11fee76c946aa62b7ae7e02f"},
    {file = "tomli-2.3.0-cp314-cp314t-win32.whl", hash = "sha256:a1f7f282fe248311650081faafa5f4732bdbfef5d45fe3f2e702fbc6f2d496e0"},
    {file = "tomli-2.3.0-cp314-cp314t-win_amd64.whl", hash = "sha256:70a251f8d4ba2d9ac2542eecf008b3c8a9fc5c3f9f02c56a9d7952612be2fdba"},
    {file = "tomli-2.3.0-py3-none-any.whl", hash = "sha256:e95b1af3c5b07d9e643909b5abbec77cd9f1217e6d0bca72b0234736b9fb1f1b"},
    {file = "tomli-2.3.0.tar.gz", hash = "sha256:64be704a875d2a59753d80ee8a533c3fe183e3f06807ff7dc2232938ccb01549"},
]

[[package]]
name = "typing-extensions"
version = "4.15.0"
description = "Backported and Experimental Type Hints for Python 3.9+"
optional = false
python-versions = ">=3.9"
groups = ["main", "dev"]
files = [
    {file = "typing_extensions-4.15.0-py3-none-any.whl", hash = "sha256:f0fa19c6845758ab08074a0cfa8b7aecb71c999ca73d62883bc25cc018c4e548"},
    {file = "typing_extensions-4.15.0.tar.gz", hash = "sha256:0cea48d173cc12fa28ecabc3b837ea3cf6f38c6d1136f85cbaaf598984861466"},
]
markers = {dev = "python_version < \"3.11\""}

[[package]]
name = "typing-inspection"
version = "0.4.2"
description = "Runtime typing introspection tools"
optional = false
python-versions = ">=3.9"
groups = ["main"]
files = [
    {file = "typing_inspection-0.4.2-py3-none-any.whl", hash = "sha256:4ed1cacbdc298c220f1bd249ed5287caa16f34d44ef4e9c3d0cbad5b521545e7"},
    {file = "typing_inspection-0.4.2.tar.gz", hash = "sha256:ba561c48a67c5958007083d386c3295464928b01faa735ab8547c5692e87f464"},
]

[package.dependencies]
typing-extensions = ">=4.12.0"

[[package]]
name = "uvicorn"
version = "0.24.0.post1"
description = "The lightning-fast ASGI server."
optional = false
python-versions = ">=3.8"
groups = ["main"]
files = [
    {file = "uvicorn-0.24.0.post1-py3-none-any.whl", hash = "sha256:7c84fea70c619d4a710153482c0d230929af7bcf76c7bfa6de151f0a3a80121e"},
    {file = "uvicorn-0.24.0.post1.tar.gz", hash = "sha256:09c8e5a79dc466bdf28dead50093957db184de356fcdc48697bad3bde4c2588e"},
]

[package.dependencies]
click = ">=7.0"
h11 = ">=0.8"
typing-extensions = {version = ">=4.0", markers = "python_version < \"3.11\""}

[package.extras]
standard = ["colorama (>=0.4) ; sys_platform == \"win32\"", "httptools (>=0.5.0)", "python-dotenv (>=0.13)", "pyyaml (>=5.1)", "uvloop (>=0.14.0,!=0.15.0,!=0.15.1) ; sys_platform != \"win32\" and sys_platform != \"cygwin\" and platform_python_implementation != \"PyPy\"", "watchfiles (>=0.13)", "websockets (>=10.4)"]

[metadata]
lock-version = "2.1"
python-versions = "^3.9"
content-hash = "122462d229e1108e85d2272a8b2025318b8cfb5557770328c2270f78a3e7c76b"
